{
  "name": "robmcdonald",
  "version": "2.0.0-beta.4",
  "lockfileVersion": 1,
  "requires": true,
  "dependencies": {
    "print-first-css": {
      "version": "github:badlydrawnrob/print-first-css#1cad89f9ebb018db42f60dd7c714f893c47f4e94",
      "from": "github:badlydrawnrob/print-first-css"
    }
  }
}
