{
  "name": "robmcdonald",
  "version": "2.0.0-beta.2",
  "lockfileVersion": 1,
  "requires": true,
  "dependencies": {
    "print-first-css": {
      "version": "github:badlydrawnrob/print-first-css#5856f98a2510a2d4ba8ef677b3e1ba739ca8a1aa",
      "from": "github:badlydrawnrob/print-first-css"
    }
  }
}
