{
  "name": "robmcdonald",
  "version": "1.1.0",
  "lockfileVersion": 1,
  "requires": true,
  "dependencies": {
    "print-first-css": {
      "version": "github:badlydrawnrob/print-first-css#5f3e4abb57f07da83f82d9f852b226bdf4c1ce66",
      "from": "github:badlydrawnrob/print-first-css"
    }
  }
}
